
Microsoft Visual Studio Solution File, Format Version 12.00
# Visual Studio Version 16
VisualStudioVersion = 16.0.30717.126
MinimumVisualStudioVersion = 10.0.40219.1
Project("{9A19103F-16F7-4668-BE54-9A1E7A4F7556}") = "FunkyMusic.Demo.Api", "FunkyMusic.Demo.Api\FunkyMusic.Demo.Api.csproj", "{6237E976-C7FA-44E1-ADAF-0A14B3673632}"
EndProject
Project("{9A19103F-16F7-4668-BE54-9A1E7A4F7556}") = "FunkyMusic.Demo.Application", "FunkyMusic.Demo.Application\FunkyMusic.Demo.Application.csproj", "{2ECD5A90-B072-493A-A5B8-67502D689B48}"
EndProject
Project("{9A19103F-16F7-4668-BE54-9A1E7A4F7556}") = "FunkyMusic.Demo.Domain", "FunkyMusic.Demo.Domain\FunkyMusic.Demo.Domain.csproj", "{551635E7-01EC-49D3-8C07-03A345FF4F47}"
EndProject
Project("{9A19103F-16F7-4668-BE54-9A1E7A4F7556}") = "FunkyMusic.Demo.Infrastructure.Api", "FunkyMusic.Demo.Infrastructure.Api\FunkyMusic.Demo.Infrastructure.Api.csproj", "{81DB1C09-34AC-4DA2-9F13-F9CA03B4C0F6}"
EndProject
Project("{2150E333-8FDC-42A3-9474-1A3956D46DE8}") = "Api", "Api", "{57BC6F22-1791-470B-9E3A-20EF3328EB3C}"
EndProject
Project("{2150E333-8FDC-42A3-9474-1A3956D46DE8}") = "Core", "Core", "{29D98B98-7E76-4515-9FE8-04FD9FB45FCB}"
EndProject
Project("{2150E333-8FDC-42A3-9474-1A3956D46DE8}") = "Infrastructure", "Infrastructure", "{DB4B06B4-458F-4AE1-9CC1-86091315964D}"
EndProject
Project("{2150E333-8FDC-42A3-9474-1A3956D46DE8}") = "Solution Items", "Solution Items", "{2C87E7C1-8596-41D0-B22F-A543483F6487}"
	ProjectSection(SolutionItems) = preProject
		Readme.md = Readme.md
	EndProjectSection
EndProject
Project("{2150E333-8FDC-42A3-9474-1A3956D46DE8}") = "Tests", "Tests", "{85E57AF5-ECE1-4174-A4E2-A1E0F4965E8B}"
EndProject
Project("{9A19103F-16F7-4668-BE54-9A1E7A4F7556}") = "FunkyMusic.Demo.Application.Tests", "FunkyMusic.Demo.Application.Tests\FunkyMusic.Demo.Application.Tests.csproj", "{7CFEF90F-0B94-426F-89E9-93A58FF3624A}"
EndProject
Project("{9A19103F-16F7-4668-BE54-9A1E7A4F7556}") = "FunkyMusic.Demo.Domain.Tests", "FunkyMusic.Demo.Domain.Tests\FunkyMusic.Demo.Domain.Tests.csproj", "{50978028-E64D-4908-905D-F76D445344EC}"
EndProject
Project("{9A19103F-16F7-4668-BE54-9A1E7A4F7556}") = "FunkyMusic.Demo.Api.Tests", "FunkyMusic.Demo.Api.Tests\FunkyMusic.Demo.Api.Tests.csproj", "{CC537136-8688-4517-A202-E061182D4BE5}"
EndProject
Project("{FAE04EC0-301F-11D3-BF4B-00C04F79EFBC}") = "FunkyMusic.Demo.Infrastructure.Api.Tests", "FunkyMusic.Demo.Infrastructure.Api.Tests\FunkyMusic.Demo.Infrastructure.Api.Tests.csproj", "{625A1F19-7C69-497B-AC47-6B00E1EACE3A}"
EndProject
Global
	GlobalSection(SolutionConfigurationPlatforms) = preSolution
		Debug|Any CPU = Debug|Any CPU
		Release|Any CPU = Release|Any CPU
	EndGlobalSection
	GlobalSection(ProjectConfigurationPlatforms) = postSolution
		{6237E976-C7FA-44E1-ADAF-0A14B3673632}.Debug|Any CPU.ActiveCfg = Debug|Any CPU
		{6237E976-C7FA-44E1-ADAF-0A14B3673632}.Debug|Any CPU.Build.0 = Debug|Any CPU
		{6237E976-C7FA-44E1-ADAF-0A14B3673632}.Release|Any CPU.ActiveCfg = Release|Any CPU
		{6237E976-C7FA-44E1-ADAF-0A14B3673632}.Release|Any CPU.Build.0 = Release|Any CPU
		{2ECD5A90-B072-493A-A5B8-67502D689B48}.Debug|Any CPU.ActiveCfg = Debug|Any CPU
		{2ECD5A90-B072-493A-A5B8-67502D689B48}.Debug|Any CPU.Build.0 = Debug|Any CPU
		{2ECD5A90-B072-493A-A5B8-67502D689B48}.Release|Any CPU.ActiveCfg = Release|Any CPU
		{2ECD5A90-B072-493A-A5B8-67502D689B48}.Release|Any CPU.Build.0 = Release|Any CPU
		{551635E7-01EC-49D3-8C07-03A345FF4F47}.Debug|Any CPU.ActiveCfg = Debug|Any CPU
		{551635E7-01EC-49D3-8C07-03A345FF4F47}.Debug|Any CPU.Build.0 = Debug|Any CPU
		{551635E7-01EC-49D3-8C07-03A345FF4F47}.Release|Any CPU.ActiveCfg = Release|Any CPU
		{551635E7-01EC-49D3-8C07-03A345FF4F47}.Release|Any CPU.Build.0 = Release|Any CPU
		{81DB1C09-34AC-4DA2-9F13-F9CA03B4C0F6}.Debug|Any CPU.ActiveCfg = Debug|Any CPU
		{81DB1C09-34AC-4DA2-9F13-F9CA03B4C0F6}.Debug|Any CPU.Build.0 = Debug|Any CPU
		{81DB1C09-34AC-4DA2-9F13-F9CA03B4C0F6}.Release|Any CPU.ActiveCfg = Release|Any CPU
		{81DB1C09-34AC-4DA2-9F13-F9CA03B4C0F6}.Release|Any CPU.Build.0 = Release|Any CPU
		{7CFEF90F-0B94-426F-89E9-93A58FF3624A}.Debug|Any CPU.ActiveCfg = Debug|Any CPU
		{7CFEF90F-0B94-426F-89E9-93A58FF3624A}.Debug|Any CPU.Build.0 = Debug|Any CPU
		{7CFEF90F-0B94-426F-89E9-93A58FF3624A}.Release|Any CPU.ActiveCfg = Release|Any CPU
		{7CFEF90F-0B94-426F-89E9-93A58FF3624A}.Release|Any CPU.Build.0 = Release|Any CPU
		{50978028-E64D-4908-905D-F76D445344EC}.Debug|Any CPU.ActiveCfg = Debug|Any CPU
		{50978028-E64D-4908-905D-F76D445344EC}.Debug|Any CPU.Build.0 = Debug|Any CPU
		{50978028-E64D-4908-905D-F76D445344EC}.Release|Any CPU.ActiveCfg = Release|Any CPU
		{50978028-E64D-4908-905D-F76D445344EC}.Release|Any CPU.Build.0 = Release|Any CPU
		{CC537136-8688-4517-A202-E061182D4BE5}.Debug|Any CPU.ActiveCfg = Debug|Any CPU
		{CC537136-8688-4517-A202-E061182D4BE5}.Debug|Any CPU.Build.0 = Debug|Any CPU
		{CC537136-8688-4517-A202-E061182D4BE5}.Release|Any CPU.ActiveCfg = Release|Any CPU
		{CC537136-8688-4517-A202-E061182D4BE5}.Release|Any CPU.Build.0 = Release|Any CPU
		{625A1F19-7C69-497B-AC47-6B00E1EACE3A}.Debug|Any CPU.ActiveCfg = Debug|Any CPU
		{625A1F19-7C69-497B-AC47-6B00E1EACE3A}.Debug|Any CPU.Build.0 = Debug|Any CPU
		{625A1F19-7C69-497B-AC47-6B00E1EACE3A}.Release|Any CPU.ActiveCfg = Release|Any CPU
		{625A1F19-7C69-497B-AC47-6B00E1EACE3A}.Release|Any CPU.Build.0 = Release|Any CPU
	EndGlobalSection
	GlobalSection(SolutionProperties) = preSolution
		HideSolutionNode = FALSE
	EndGlobalSection
	GlobalSection(NestedProjects) = preSolution
		{6237E976-C7FA-44E1-ADAF-0A14B3673632} = {57BC6F22-1791-470B-9E3A-20EF3328EB3C}
		{2ECD5A90-B072-493A-A5B8-67502D689B48} = {29D98B98-7E76-4515-9FE8-04FD9FB45FCB}
		{551635E7-01EC-49D3-8C07-03A345FF4F47} = {29D98B98-7E76-4515-9FE8-04FD9FB45FCB}
		{81DB1C09-34AC-4DA2-9F13-F9CA03B4C0F6} = {DB4B06B4-458F-4AE1-9CC1-86091315964D}
		{7CFEF90F-0B94-426F-89E9-93A58FF3624A} = {85E57AF5-ECE1-4174-A4E2-A1E0F4965E8B}
		{50978028-E64D-4908-905D-F76D445344EC} = {85E57AF5-ECE1-4174-A4E2-A1E0F4965E8B}
		{CC537136-8688-4517-A202-E061182D4BE5} = {85E57AF5-ECE1-4174-A4E2-A1E0F4965E8B}
		{625A1F19-7C69-497B-AC47-6B00E1EACE3A} = {85E57AF5-ECE1-4174-A4E2-A1E0F4965E8B}
	EndGlobalSection
	GlobalSection(ExtensibilityGlobals) = postSolution
		SolutionGuid = {80FB49E0-9876-4740-B28F-2D5A67AE1A2D}
	EndGlobalSection
EndGlobal
